
Microsoft Visual Studio Solution File, Format Version 12.00
# Visual Studio Version 17
VisualStudioVersion = 17.5.002.0
MinimumVisualStudioVersion = 10.0.40219.1
Project("{9A19103F-16F7-4668-BE54-9A1E7A4F7556}") = "ImageAgregationService", "ImageAgregationService.csproj", "{0E6A01F0-B701-4B0E-9EF4-2FB0DE3B9370}"
EndProject
Project("{FAE04EC0-301F-11D3-BF4B-00C04F79EFBC}") = "ApiGatewayService", "..\ApiGatewayService\ApiGatewayService.csproj", "{FD9BBB73-55CC-4CCF-889A-B49B122E1806}"
EndProject
Global
	GlobalSection(SolutionConfigurationPlatforms) = preSolution
		Debug|Any CPU = Debug|Any CPU
		Release|Any CPU = Release|Any CPU
	EndGlobalSection
	GlobalSection(ProjectConfigurationPlatforms) = postSolution
		{0E6A01F0-B701-4B0E-9EF4-2FB0DE3B9370}.Debug|Any CPU.ActiveCfg = Debug|Any CPU
		{0E6A01F0-B701-4B0E-9EF4-2FB0DE3B9370}.Debug|Any CPU.Build.0 = Debug|Any CPU
		{0E6A01F0-B701-4B0E-9EF4-2FB0DE3B9370}.Release|Any CPU.ActiveCfg = Release|Any CPU
		{0E6A01F0-B701-4B0E-9EF4-2FB0DE3B9370}.Release|Any CPU.Build.0 = Release|Any CPU
		{FD9BBB73-55CC-4CCF-889A-B49B122E1806}.Debug|Any CPU.ActiveCfg = Debug|Any CPU
		{FD9BBB73-55CC-4CCF-889A-B49B122E1806}.Debug|Any CPU.Build.0 = Debug|Any CPU
		{FD9BBB73-55CC-4CCF-889A-B49B122E1806}.Release|Any CPU.ActiveCfg = Release|Any CPU
		{FD9BBB73-55CC-4CCF-889A-B49B122E1806}.Release|Any CPU.Build.0 = Release|Any CPU
	EndGlobalSection
	GlobalSection(SolutionProperties) = preSolution
		HideSolutionNode = FALSE
	EndGlobalSection
	GlobalSection(ExtensibilityGlobals) = postSolution
		SolutionGuid = {849B6AA4-9489-4152-A0CA-52291C4700D7}
	EndGlobalSection
EndGlobal
